
Microsoft Visual Studio Solution File, Format Version 12.00
# Visual Studio 2013
VisualStudioVersion = 12.0.31101.0
MinimumVisualStudioVersion = 10.0.40219.1
Project("{FAE04EC0-301F-11D3-BF4B-00C04F79EFBC}") = "Rusty.Common", "Rusty.Common\Rusty.Common.csproj", "{8A0F6370-B56B-4447-ADE4-008F567C5095}"
EndProject
Project("{FAE04EC0-301F-11D3-BF4B-00C04F79EFBC}") = "Rusty.Common.Tests", "Rusty.Common.Tests\Rusty.Common.Tests.csproj", "{68266BB9-D93D-44EC-9A00-AAABACEEDF2E}"
EndProject
Global
	GlobalSection(SolutionConfigurationPlatforms) = preSolution
		Debug|Any CPU = Debug|Any CPU
		Release|Any CPU = Release|Any CPU
	EndGlobalSection
	GlobalSection(ProjectConfigurationPlatforms) = postSolution
		{8A0F6370-B56B-4447-ADE4-008F567C5095}.Debug|Any CPU.ActiveCfg = Debug|Any CPU
		{8A0F6370-B56B-4447-ADE4-008F567C5095}.Debug|Any CPU.Build.0 = Debug|Any CPU
		{8A0F6370-B56B-4447-ADE4-008F567C5095}.Release|Any CPU.ActiveCfg = Release|Any CPU
		{8A0F6370-B56B-4447-ADE4-008F567C5095}.Release|Any CPU.Build.0 = Release|Any CPU
		{68266BB9-D93D-44EC-9A00-AAABACEEDF2E}.Debug|Any CPU.ActiveCfg = Debug|Any CPU
		{68266BB9-D93D-44EC-9A00-AAABACEEDF2E}.Debug|Any CPU.Build.0 = Debug|Any CPU
		{68266BB9-D93D-44EC-9A00-AAABACEEDF2E}.Release|Any CPU.ActiveCfg = Release|Any CPU
		{68266BB9-D93D-44EC-9A00-AAABACEEDF2E}.Release|Any CPU.Build.0 = Release|Any CPU
	EndGlobalSection
	GlobalSection(SolutionProperties) = preSolution
		HideSolutionNode = FALSE
	EndGlobalSection
EndGlobal
